%{
  "brod": {:hex, :brod, "3.7.0", "9b2cbd258217ce2af4b57317333c13d8068410c564d3488d31587a6969c58cd3", [], [{:kafka_protocol, "2.1.2", [hex: :kafka_protocol, repo: "hexpm", optional: false]}, {:supervisor3, "1.1.7", [hex: :supervisor3, repo: "hexpm", optional: false]}], "hexpm"},
  "common_x": {:hex, :common_x, "0.5.3", "5524f6818305fa0be24055acc4789978edf6750a8b858b7543c1c40049035b0a", [:mix], [], "hexpm", "3a5c29fffc61acde39af3d18e5b3cd41a7b15a15d8eb05bae47114cfe01af761"},
  "crc32cer": {:hex, :crc32cer, "0.1.3", "8984906c4b4fae6aa292c48f286a1c83b19ad44bd102287acb94d696015967ce", [], [], "hexpm"},
  "csh2fjhyll_kvasir": {:hex, :csh2fjhyll_kvasir, "0.0.4", "2700f330a76febfe1150c6b5e3c7f321e75bdc273ad549b4a743e68c3c45bc55", [:mix], [{:common_x, "~> 0.5", [hex: :common_x, repo: "hexpm", optional: false]}, {:jason, "~> 1.2", [hex: :jason, repo: "hexpm", optional: false]}, {:msgpax, "~> 2.2", [hex: :msgpax, repo: "hexpm", optional: false]}, {:poolboy, "~> 1.5", [hex: :poolboy, repo: "hexpm", optional: false]}, {:utc_datetime, "~> 1.0", [hex: :utc_datetime, repo: "hexpm", optional: false]}], "hexpm", "12bb5da0de3f889d0d0c47d73887fb3e0e550fbe0c2de2d75651156b586b959c"},
  "earmark": {:hex, :earmark, "1.2.6", "b6da42b3831458d3ecc57314dff3051b080b9b2be88c2e5aa41cd642a5b044ed", [:mix], [], "hexpm", "b42a23e9bd92d65d16db2f75553982e58519054095356a418bb8320bbacb58b1"},
  "ex_doc": {:hex, :ex_doc, "0.19.1", "519bb9c19526ca51d326c060cb1778d4a9056b190086a8c6c115828eaccea6cf", [:mix], [{:earmark, "~> 1.1", [hex: :earmark, repo: "hexpm", optional: false]}, {:makeup_elixir, "~> 0.7", [hex: :makeup_elixir, repo: "hexpm", optional: false]}], "hexpm", "dc87f778d8260da0189a622f62790f6202af72f2f3dee6e78d91a18dd2fcd137"},
  "jason": {:hex, :jason, "1.2.1", "12b22825e22f468c02eb3e4b9985f3d0cb8dc40b9bd704730efa11abd2708c44", [:mix], [{:decimal, "~> 1.0", [hex: :decimal, repo: "hexpm", optional: true]}], "hexpm", "b659b8571deedf60f79c5a608e15414085fa141344e2716fbd6988a084b5f993"},
  "kafka_protocol": {:hex, :kafka_protocol, "2.1.2", "9d4fb9281f8562206aded3a7a45fc93f3a4389afef9efe6d9c4cf5a705292bcf", [], [{:crc32cer, "0.1.3", [hex: :crc32cer, repo: "hexpm", optional: false]}, {:snappyer, "1.2.4", [hex: :snappyer, repo: "hexpm", optional: false]}], "hexpm"},
  "kvasir": {:git, "https://github.com/IanLuites/kvasir", "c925f98c27852c5cf622d4ab0a7438d05f80a007", [branch: "release/v1.0"]},
  "makeup": {:hex, :makeup, "0.5.1", "966c5c2296da272d42f1de178c1d135e432662eca795d6dc12e5e8787514edf7", [:mix], [{:nimble_parsec, "~> 0.2.2", [hex: :nimble_parsec, repo: "hexpm", optional: false]}], "hexpm", "259748a45dfcf5f49765a7c29c9594791c82de23e22d7a3e6e59533fe8e8935b"},
  "makeup_elixir": {:hex, :makeup_elixir, "0.8.0", "1204a2f5b4f181775a0e456154830524cf2207cf4f9112215c05e0b76e4eca8b", [:mix], [{:makeup, "~> 0.5.0", [hex: :makeup, repo: "hexpm", optional: false]}, {:nimble_parsec, "~> 0.2.2", [hex: :nimble_parsec, repo: "hexpm", optional: false]}], "hexpm", "393d17c5a648e3b30522b2a4743bd1dc3533e1227c8c2823ebe8c3a8e5be5913"},
  "msgpax": {:hex, :msgpax, "2.2.4", "7b3790ef684089076b63c0f08c2f4b079c6311daeb006b69e4ed2bf67518291e", [:mix], [{:plug, "~> 1.0", [hex: :plug, repo: "hexpm", optional: true]}], "hexpm", "b351b6d992d79624a8430a99d21a41b36b1b90edf84326a294e9f4a2de11f089"},
  "nimble_parsec": {:hex, :nimble_parsec, "0.2.2", "d526b23bdceb04c7ad15b33c57c4526bf5f50aaa70c7c141b4b4624555c68259", [:mix], [], "hexpm", "4ababf5c44164f161872704e1cfbecab3935fdebec66c72905abaad0e6e5cef6"},
  "poolboy": {:hex, :poolboy, "1.5.2", "392b007a1693a64540cead79830443abf5762f5d30cf50bc95cb2c1aaafa006b", [:rebar3], [], "hexpm", "dad79704ce5440f3d5a3681c8590b9dc25d1a561e8f5a9c995281012860901e3"},
  "snappyer": {:hex, :snappyer, "1.2.4", "6d739c534cd2339633127a2b40279be71f149e5842c5363a4d88e66efb7c1fec", [], [], "hexpm"},
  "supervisor3": {:hex, :supervisor3, "1.1.7", "ba0602c908d3d90f898d814daf36e04d75f1337735dc527d0441e3e4ab3e7d5a", [], [], "hexpm"},
  "utc_datetime": {:hex, :utc_datetime, "1.0.0", "617b7bac9de12d7afd99dfbbbc3cea7534ac044996bc40ab35f5bf78ca35dc6a", [:mix], [{:ecto, ">= 3.0.0", [hex: :ecto, repo: "hexpm", optional: true]}, {:jason, ">= 1.0.0", [hex: :jason, repo: "hexpm", optional: true]}], "hexpm", "c6c7db85badc8e6133b08107c09fcee1bd7290ee868ae17924c827b9704d718e"},
}
